
Microsoft Visual Studio Solution File, Format Version 12.00
# Visual Studio Version 17
VisualStudioVersion = 17.7.34009.444
MinimumVisualStudioVersion = 10.0.40219.1
Project("{FAE04EC0-301F-11D3-BF4B-00C04F79EFBC}") = "WorkApp", "WorkApp\WorkApp.csproj", "{02CFBB11-95C0-4529-ACF1-38579F20CD61}"
EndProject
Global
	GlobalSection(SolutionConfigurationPlatforms) = preSolution
		Debug|Any CPU = Debug|Any CPU
		Release|Any CPU = Release|Any CPU
	EndGlobalSection
	GlobalSection(ProjectConfigurationPlatforms) = postSolution
		{02CFBB11-95C0-4529-ACF1-38579F20CD61}.Debug|Any CPU.ActiveCfg = Debug|Any CPU
		{02CFBB11-95C0-4529-ACF1-38579F20CD61}.Debug|Any CPU.Build.0 = Debug|Any CPU
		{02CFBB11-95C0-4529-ACF1-38579F20CD61}.Release|Any CPU.ActiveCfg = Release|Any CPU
		{02CFBB11-95C0-4529-ACF1-38579F20CD61}.Release|Any CPU.Build.0 = Release|Any CPU
	EndGlobalSection
	GlobalSection(SolutionProperties) = preSolution
		HideSolutionNode = FALSE
	EndGlobalSection
	GlobalSection(ExtensibilityGlobals) = postSolution
		SolutionGuid = {CE632C84-04BF-439B-B20D-16767F4D2555}
	EndGlobalSection
EndGlobal
